// !$*UTF8*$!
{
	archiveVersion = 1;
	classes = {
	};
	objectVersion = 46;
	objects = {

/* Begin PBXBuildFile section */
		3F5495691A2D159E00DB289C /* meteorite_1.png in Resources */ = {isa = PBXBuildFile; fileRef = 3F5495611A2D159E00DB289C /* meteorite_1.png */; };
		3F54956A1A2D159E00DB289C /* meteorite_2.png in Resources */ = {isa = PBXBuildFile; fileRef = 3F5495621A2D159E00DB289C /* meteorite_2.png */; };
		3F54956B1A2D159E00DB289C /* meteorite_3.png in Resources */ = {isa = PBXBuildFile; fileRef = 3F5495631A2D159E00DB289C /* meteorite_3.png */; };
		3F54956C1A2D159E00DB289C /* meteorite_4.png in Resources */ = {isa = PBXBuildFile; fileRef = 3F5495641A2D159E00DB289C /* meteorite_4.png */; };
		3F54956D1A2D159E00DB289C /* meteorite_5.png in Resources */ = {isa = PBXBuildFile; fileRef = 3F5495651A2D159E00DB289C /* meteorite_5.png */; };
		3F54956E1A2D159E00DB289C /* meteorite_6.png in Resources */ = {isa = PBXBuildFile; fileRef = 3F5495661A2D159E00DB289C /* meteorite_6.png */; };
		3F54956F1A2D159E00DB289C /* meteorite_7.png in Resources */ = {isa = PBXBuildFile; fileRef = 3F5495671A2D159E00DB289C /* meteorite_7.png */; };
		3F5495701A2D159E00DB289C /* meteorite_0.png in Resources */ = {isa = PBXBuildFile; fileRef = 3F5495681A2D159E00DB289C /* meteorite_0.png */; };
		3F5495721A2D16B600DB289C /* meteorite_10.png in Resources */ = {isa = PBXBuildFile; fileRef = 3F5495711A2D16B600DB289C /* meteorite_10.png */; };
		3F5495781A2D17A800DB289C /* ufo_0.png in Resources */ = {isa = PBXBuildFile; fileRef = 3F5495741A2D17A800DB289C /* ufo_0.png */; };
		3F5495791A2D17A800DB289C /* ufo_1.png in Resources */ = {isa = PBXBuildFile; fileRef = 3F5495751A2D17A800DB289C /* ufo_1.png */; };
		3F54957A1A2D17A800DB289C /* ufo_2.png in Resources */ = {isa = PBXBuildFile; fileRef = 3F5495761A2D17A800DB289C /* ufo_2.png */; };
		3F54957B1A2D17A800DB289C /* ufo_3.png in Resources */ = {isa = PBXBuildFile; fileRef = 3F5495771A2D17A800DB289C /* ufo_3.png */; };
		3FACC63C1A1E8CC6005A8C66 /* AppDelegate.swift in Sources */ = {isa = PBXBuildFile; fileRef = 3FACC63B1A1E8CC6005A8C66 /* AppDelegate.swift */; };
		3FACC63E1A1E8CC6005A8C66 /* GameScene.sks in Resources */ = {isa = PBXBuildFile; fileRef = 3FACC63D1A1E8CC6005A8C66 /* GameScene.sks */; };
		3FACC6401A1E8CC6005A8C66 /* GameScene.swift in Sources */ = {isa = PBXBuildFile; fileRef = 3FACC63F1A1E8CC6005A8C66 /* GameScene.swift */; };
		3FACC6421A1E8CC6005A8C66 /* GameViewController.swift in Sources */ = {isa = PBXBuildFile; fileRef = 3FACC6411A1E8CC6005A8C66 /* GameViewController.swift */; };
		3FACC6451A1E8CC6005A8C66 /* Main.storyboard in Resources */ = {isa = PBXBuildFile; fileRef = 3FACC6431A1E8CC6005A8C66 /* Main.storyboard */; };
		3FACC6471A1E8CC6005A8C66 /* Images.xcassets in Resources */ = {isa = PBXBuildFile; fileRef = 3FACC6461A1E8CC6005A8C66 /* Images.xcassets */; };
		3FACC64A1A1E8CC6005A8C66 /* LaunchScreen.xib in Resources */ = {isa = PBXBuildFile; fileRef = 3FACC6481A1E8CC6005A8C66 /* LaunchScreen.xib */; };
		3FACC6561A1E8CC6005A8C66 /* Space_JumperTests.swift in Sources */ = {isa = PBXBuildFile; fileRef = 3FACC6551A1E8CC6005A8C66 /* Space_JumperTests.swift */; };
		3FACC6641A1E8D5A005A8C66 /* Alien.png in Resources */ = {isa = PBXBuildFile; fileRef = 3FACC6601A1E8D5A005A8C66 /* Alien.png */; };
		3FACC6671A1E8D5A005A8C66 /* Space.jpg in Resources */ = {isa = PBXBuildFile; fileRef = 3FACC6631A1E8D5A005A8C66 /* Space.jpg */; };
		3FF342241A2D03D000C0534F /* Pink_Alien.png in Resources */ = {isa = PBXBuildFile; fileRef = 3FF342231A2D03D000C0534F /* Pink_Alien.png */; };
		3FF342261A2D0F1300C0534F /* power_green.png in Resources */ = {isa = PBXBuildFile; fileRef = 3FF342251A2D0F1300C0534F /* power_green.png */; };
		3FF342281A2D0F7A00C0534F /* power_red.png in Resources */ = {isa = PBXBuildFile; fileRef = 3FF342271A2D0F7A00C0534F /* power_red.png */; };
		3FF3422A1A2D113700C0534F /* Blue_Alien.png in Resources */ = {isa = PBXBuildFile; fileRef = 3FF342291A2D113700C0534F /* Blue_Alien.png */; };
		5E6DC54E1A21A4AF007880E9 /* Space2.jpg in Resources */ = {isa = PBXBuildFile; fileRef = 5E6DC54D1A21A4AF007880E9 /* Space2.jpg */; };
		5E71B1541A21B0740042323A /* GameOverViewController.swift in Sources */ = {isa = PBXBuildFile; fileRef = 5E71B1531A21B0740042323A /* GameOverViewController.swift */; };
		5E71B1561A22DF1C0042323A /* MenuViewController.swift in Sources */ = {isa = PBXBuildFile; fileRef = 5E71B1551A22DF1C0042323A /* MenuViewController.swift */; };
/* End PBXBuildFile section */

/* Begin PBXContainerItemProxy section */
		3FACC6501A1E8CC6005A8C66 /* PBXContainerItemProxy */ = {
			isa = PBXContainerItemProxy;
			containerPortal = 3FACC62E1A1E8CC6005A8C66 /* Project object */;
			proxyType = 1;
			remoteGlobalIDString = 3FACC6351A1E8CC6005A8C66;
			remoteInfo = "Space Jumper";
		};
/* End PBXContainerItemProxy section */

/* Begin PBXFileReference section */
		3F5495611A2D159E00DB289C /* meteorite_1.png */ = {isa = PBXFileReference; lastKnownFileType = image.png; name = meteorite_1.png; path = ../Images/meteorite_1.png; sourceTree = "<group>"; };
		3F5495621A2D159E00DB289C /* meteorite_2.png */ = {isa = PBXFileReference; lastKnownFileType = image.png; name = meteorite_2.png; path = ../Images/meteorite_2.png; sourceTree = "<group>"; };
		3F5495631A2D159E00DB289C /* meteorite_3.png */ = {isa = PBXFileReference; lastKnownFileType = image.png; name = meteorite_3.png; path = ../Images/meteorite_3.png; sourceTree = "<group>"; };
		3F5495641A2D159E00DB289C /* meteorite_4.png */ = {isa = PBXFileReference; lastKnownFileType = image.png; name = meteorite_4.png; path = ../Images/meteorite_4.png; sourceTree = "<group>"; };
		3F5495651A2D159E00DB289C /* meteorite_5.png */ = {isa = PBXFileReference; lastKnownFileType = image.png; name = meteorite_5.png; path = ../Images/meteorite_5.png; sourceTree = "<group>"; };
		3F5495661A2D159E00DB289C /* meteorite_6.png */ = {isa = PBXFileReference; lastKnownFileType = image.png; name = meteorite_6.png; path = ../Images/meteorite_6.png; sourceTree = "<group>"; };
		3F5495671A2D159E00DB289C /* meteorite_7.png */ = {isa = PBXFileReference; lastKnownFileType = image.png; name = meteorite_7.png; path = ../Images/meteorite_7.png; sourceTree = "<group>"; };
		3F5495681A2D159E00DB289C /* meteorite_0.png */ = {isa = PBXFileReference; lastKnownFileType = image.png; name = meteorite_0.png; path = ../Images/meteorite_0.png; sourceTree = "<group>"; };
		3F5495711A2D16B600DB289C /* meteorite_10.png */ = {isa = PBXFileReference; lastKnownFileType = image.png; name = meteorite_10.png; path = ../Images/meteorite_10.png; sourceTree = "<group>"; };
		3F5495741A2D17A800DB289C /* ufo_0.png */ = {isa = PBXFileReference; lastKnownFileType = image.png; path = ufo_0.png; sourceTree = "<group>"; };
		3F5495751A2D17A800DB289C /* ufo_1.png */ = {isa = PBXFileReference; lastKnownFileType = image.png; path = ufo_1.png; sourceTree = "<group>"; };
		3F5495761A2D17A800DB289C /* ufo_2.png */ = {isa = PBXFileReference; lastKnownFileType = image.png; path = ufo_2.png; sourceTree = "<group>"; };
		3F5495771A2D17A800DB289C /* ufo_3.png */ = {isa = PBXFileReference; lastKnownFileType = image.png; path = ufo_3.png; sourceTree = "<group>"; };
		3FACC6361A1E8CC6005A8C66 /* Space Jumper.app */ = {isa = PBXFileReference; explicitFileType = wrapper.application; includeInIndex = 0; path = "Space Jumper.app"; sourceTree = BUILT_PRODUCTS_DIR; };
		3FACC63A1A1E8CC6005A8C66 /* Info.plist */ = {isa = PBXFileReference; lastKnownFileType = text.plist.xml; path = Info.plist; sourceTree = "<group>"; };
		3FACC63B1A1E8CC6005A8C66 /* AppDelegate.swift */ = {isa = PBXFileReference; lastKnownFileType = sourcecode.swift; path = AppDelegate.swift; sourceTree = "<group>"; };
		3FACC63D1A1E8CC6005A8C66 /* GameScene.sks */ = {isa = PBXFileReference; lastKnownFileType = file.sks; path = GameScene.sks; sourceTree = "<group>"; };
		3FACC63F1A1E8CC6005A8C66 /* GameScene.swift */ = {isa = PBXFileReference; lastKnownFileType = sourcecode.swift; path = GameScene.swift; sourceTree = "<group>"; };
		3FACC6411A1E8CC6005A8C66 /* GameViewController.swift */ = {isa = PBXFileReference; lastKnownFileType = sourcecode.swift; path = GameViewController.swift; sourceTree = "<group>"; };
		3FACC6441A1E8CC6005A8C66 /* Base */ = {isa = PBXFileReference; lastKnownFileType = file.storyboard; name = Base; path = Base.lproj/Main.storyboard; sourceTree = "<group>"; };
		3FACC6461A1E8CC6005A8C66 /* Images.xcassets */ = {isa = PBXFileReference; lastKnownFileType = folder.assetcatalog; path = Images.xcassets; sourceTree = "<group>"; };
		3FACC6491A1E8CC6005A8C66 /* Base */ = {isa = PBXFileReference; lastKnownFileType = file.xib; name = Base; path = Base.lproj/LaunchScreen.xib; sourceTree = "<group>"; };
		3FACC64F1A1E8CC6005A8C66 /* Space JumperTests.xctest */ = {isa = PBXFileReference; explicitFileType = wrapper.cfbundle; includeInIndex = 0; path = "Space JumperTests.xctest"; sourceTree = BUILT_PRODUCTS_DIR; };
		3FACC6541A1E8CC6005A8C66 /* Info.plist */ = {isa = PBXFileReference; lastKnownFileType = text.plist.xml; path = Info.plist; sourceTree = "<group>"; };
		3FACC6551A1E8CC6005A8C66 /* Space_JumperTests.swift */ = {isa = PBXFileReference; lastKnownFileType = sourcecode.swift; path = Space_JumperTests.swift; sourceTree = "<group>"; };
		3FACC6601A1E8D5A005A8C66 /* Alien.png */ = {isa = PBXFileReference; lastKnownFileType = image.png; name = Alien.png; path = ../Alien.png; sourceTree = "<group>"; };
		3FACC6631A1E8D5A005A8C66 /* Space.jpg */ = {isa = PBXFileReference; lastKnownFileType = image.jpeg; path = Space.jpg; sourceTree = "<group>"; };
		3FF342231A2D03D000C0534F /* Pink_Alien.png */ = {isa = PBXFileReference; lastKnownFileType = image.png; name = Pink_Alien.png; path = ../Pink_Alien.png; sourceTree = "<group>"; };
		3FF342251A2D0F1300C0534F /* power_green.png */ = {isa = PBXFileReference; lastKnownFileType = image.png; name = power_green.png; path = ../power_green.png; sourceTree = "<group>"; };
		3FF342271A2D0F7A00C0534F /* power_red.png */ = {isa = PBXFileReference; lastKnownFileType = image.png; name = power_red.png; path = ../power_red.png; sourceTree = "<group>"; };
		3FF342291A2D113700C0534F /* Blue_Alien.png */ = {isa = PBXFileReference; lastKnownFileType = image.png; name = Blue_Alien.png; path = ../Blue_Alien.png; sourceTree = "<group>"; };
		5E6DC54D1A21A4AF007880E9 /* Space2.jpg */ = {isa = PBXFileReference; lastKnownFileType = image.jpeg; path = Space2.jpg; sourceTree = "<group>"; };
		5E71B1531A21B0740042323A /* GameOverViewController.swift */ = {isa = PBXFileReference; fileEncoding = 4; lastKnownFileType = sourcecode.swift; path = GameOverViewController.swift; sourceTree = "<group>"; };
		5E71B1551A22DF1C0042323A /* MenuViewController.swift */ = {isa = PBXFileReference; fileEncoding = 4; lastKnownFileType = sourcecode.swift; path = MenuViewController.swift; sourceTree = "<group>"; };
/* End PBXFileReference section */

/* Begin PBXFrameworksBuildPhase section */
		3FACC6331A1E8CC6005A8C66 /* Frameworks */ = {
			isa = PBXFrameworksBuildPhase;
			buildActionMask = 2147483647;
			files = (
			);
			runOnlyForDeploymentPostprocessing = 0;
		};
		3FACC64C1A1E8CC6005A8C66 /* Frameworks */ = {
			isa = PBXFrameworksBuildPhase;
			buildActionMask = 2147483647;
			files = (
			);
			runOnlyForDeploymentPostprocessing = 0;
		};
/* End PBXFrameworksBuildPhase section */

/* Begin PBXGroup section */
		3F5495731A2D17A800DB289C /* ufo */ = {
			isa = PBXGroup;
			children = (
				3F5495741A2D17A800DB289C /* ufo_0.png */,
				3F5495751A2D17A800DB289C /* ufo_1.png */,
				3F5495761A2D17A800DB289C /* ufo_2.png */,
				3F5495771A2D17A800DB289C /* ufo_3.png */,
			);
			name = ufo;
			path = ../ufo;
			sourceTree = "<group>";
		};
		3F54957C1A2D34EC00DB289C /* meteorites */ = {
			isa = PBXGroup;
			children = (
				3F5495711A2D16B600DB289C /* meteorite_10.png */,
				3F5495681A2D159E00DB289C /* meteorite_0.png */,
				3F5495611A2D159E00DB289C /* meteorite_1.png */,
				3F5495621A2D159E00DB289C /* meteorite_2.png */,
				3F5495631A2D159E00DB289C /* meteorite_3.png */,
				3F5495641A2D159E00DB289C /* meteorite_4.png */,
				3F5495651A2D159E00DB289C /* meteorite_5.png */,
				3F5495661A2D159E00DB289C /* meteorite_6.png */,
				3F5495671A2D159E00DB289C /* meteorite_7.png */,
			);
			name = meteorites;
			path = ../meteorites;
			sourceTree = "<group>";
		};
		3F54957D1A2D352300DB289C /* sprite object */ = {
			isa = PBXGroup;
			children = (
				3FACC6601A1E8D5A005A8C66 /* Alien.png */,
				3FF342291A2D113700C0534F /* Blue_Alien.png */,
				3FF342271A2D0F7A00C0534F /* power_red.png */,
				3FF342251A2D0F1300C0534F /* power_green.png */,
				3FF342231A2D03D000C0534F /* Pink_Alien.png */,
			);
			path = "sprite object";
			sourceTree = "<group>";
		};
		3FACC62D1A1E8CC6005A8C66 = {
			isa = PBXGroup;
			children = (
				3FACC6381A1E8CC6005A8C66 /* Space Jumper */,
				3FACC6521A1E8CC6005A8C66 /* Space JumperTests */,
				3FACC6371A1E8CC6005A8C66 /* Products */,
			);
			sourceTree = "<group>";
		};
		3FACC6371A1E8CC6005A8C66 /* Products */ = {
			isa = PBXGroup;
			children = (
				3FACC6361A1E8CC6005A8C66 /* Space Jumper.app */,
				3FACC64F1A1E8CC6005A8C66 /* Space JumperTests.xctest */,
			);
			name = Products;
			sourceTree = "<group>";
		};
		3FACC6381A1E8CC6005A8C66 /* Space Jumper */ = {
			isa = PBXGroup;
			children = (
				3FACC65F1A1E8D5A005A8C66 /* Images */,
				3FACC63B1A1E8CC6005A8C66 /* AppDelegate.swift */,
				3FACC63D1A1E8CC6005A8C66 /* GameScene.sks */,
				3FACC63F1A1E8CC6005A8C66 /* GameScene.swift */,
				3FACC6411A1E8CC6005A8C66 /* GameViewController.swift */,
				3FACC6431A1E8CC6005A8C66 /* Main.storyboard */,
				5E71B1551A22DF1C0042323A /* MenuViewController.swift */,
				5E71B1531A21B0740042323A /* GameOverViewController.swift */,
				3FACC6461A1E8CC6005A8C66 /* Images.xcassets */,
				3FACC6481A1E8CC6005A8C66 /* LaunchScreen.xib */,
				3FACC6391A1E8CC6005A8C66 /* Supporting Files */,
			);
			path = "Space Jumper";
			sourceTree = "<group>";
		};
		3FACC6391A1E8CC6005A8C66 /* Supporting Files */ = {
			isa = PBXGroup;
			children = (
				3FACC63A1A1E8CC6005A8C66 /* Info.plist */,
			);
			name = "Supporting Files";
			sourceTree = "<group>";
		};
		3FACC6521A1E8CC6005A8C66 /* Space JumperTests */ = {
			isa = PBXGroup;
			children = (
				3FACC6551A1E8CC6005A8C66 /* Space_JumperTests.swift */,
				3FACC6531A1E8CC6005A8C66 /* Supporting Files */,
			);
			path = "Space JumperTests";
			sourceTree = "<group>";
		};
		3FACC6531A1E8CC6005A8C66 /* Supporting Files */ = {
			isa = PBXGroup;
			children = (
				3FACC6541A1E8CC6005A8C66 /* Info.plist */,
			);
			name = "Supporting Files";
			sourceTree = "<group>";
		};
		3FACC65F1A1E8D5A005A8C66 /* Images */ = {
			isa = PBXGroup;
			children = (
				3F54957D1A2D352300DB289C /* sprite object */,
				3F54957C1A2D34EC00DB289C /* meteorites */,
				3F5495731A2D17A800DB289C /* ufo */,
				5E6DC54D1A21A4AF007880E9 /* Space2.jpg */,
				3FACC6631A1E8D5A005A8C66 /* Space.jpg */,
			);
			path = Images;
			sourceTree = "<group>";
		};
/* End PBXGroup section */

/* Begin PBXNativeTarget section */
		3FACC6351A1E8CC6005A8C66 /* Space Jumper */ = {
			isa = PBXNativeTarget;
			buildConfigurationList = 3FACC6591A1E8CC6005A8C66 /* Build configuration list for PBXNativeTarget "Space Jumper" */;
			buildPhases = (
				3FACC6321A1E8CC6005A8C66 /* Sources */,
				3FACC6331A1E8CC6005A8C66 /* Frameworks */,
				3FACC6341A1E8CC6005A8C66 /* Resources */,
			);
			buildRules = (
			);
			dependencies = (
			);
			name = "Space Jumper";
			productName = "Space Jumper";
			productReference = 3FACC6361A1E8CC6005A8C66 /* Space Jumper.app */;
			productType = "com.apple.product-type.application";
		};
		3FACC64E1A1E8CC6005A8C66 /* Space JumperTests */ = {
			isa = PBXNativeTarget;
			buildConfigurationList = 3FACC65C1A1E8CC6005A8C66 /* Build configuration list for PBXNativeTarget "Space JumperTests" */;
			buildPhases = (
				3FACC64B1A1E8CC6005A8C66 /* Sources */,
				3FACC64C1A1E8CC6005A8C66 /* Frameworks */,
				3FACC64D1A1E8CC6005A8C66 /* Resources */,
			);
			buildRules = (
			);
			dependencies = (
				3FACC6511A1E8CC6005A8C66 /* PBXTargetDependency */,
			);
			name = "Space JumperTests";
			productName = "Space JumperTests";
			productReference = 3FACC64F1A1E8CC6005A8C66 /* Space JumperTests.xctest */;
			productType = "com.apple.product-type.bundle.unit-test";
		};
/* End PBXNativeTarget section */

/* Begin PBXProject section */
		3FACC62E1A1E8CC6005A8C66 /* Project object */ = {
			isa = PBXProject;
			attributes = {
				LastUpgradeCheck = 0610;
				ORGANIZATIONNAME = "Urban Games";
				TargetAttributes = {
					3FACC6351A1E8CC6005A8C66 = {
						CreatedOnToolsVersion = 6.1;
					};
					3FACC64E1A1E8CC6005A8C66 = {
						CreatedOnToolsVersion = 6.1;
						TestTargetID = 3FACC6351A1E8CC6005A8C66;
					};
				};
			};
			buildConfigurationList = 3FACC6311A1E8CC6005A8C66 /* Build configuration list for PBXProject "Space Jumper" */;
			compatibilityVersion = "Xcode 3.2";
			developmentRegion = English;
			hasScannedForEncodings = 0;
			knownRegions = (
				en,
				Base,
			);
			mainGroup = 3FACC62D1A1E8CC6005A8C66;
			productRefGroup = 3FACC6371A1E8CC6005A8C66 /* Products */;
			projectDirPath = "";
			projectRoot = "";
			targets = (
				3FACC6351A1E8CC6005A8C66 /* Space Jumper */,
				3FACC64E1A1E8CC6005A8C66 /* Space JumperTests */,
			);
		};
/* End PBXProject section */

/* Begin PBXResourcesBuildPhase section */
		3FACC6341A1E8CC6005A8C66 /* Resources */ = {
			isa = PBXResourcesBuildPhase;
			buildActionMask = 2147483647;
			files = (
				3F54956D1A2D159E00DB289C /* meteorite_5.png in Resources */,
				3FF342281A2D0F7A00C0534F /* power_red.png in Resources */,
				3F54956E1A2D159E00DB289C /* meteorite_6.png in Resources */,
				3F54956C1A2D159E00DB289C /* meteorite_4.png in Resources */,
				3F54956B1A2D159E00DB289C /* meteorite_3.png in Resources */,
				3F54956F1A2D159E00DB289C /* meteorite_7.png in Resources */,
				3FACC64A1A1E8CC6005A8C66 /* LaunchScreen.xib in Resources */,
				5E6DC54E1A21A4AF007880E9 /* Space2.jpg in Resources */,
				3F5495691A2D159E00DB289C /* meteorite_1.png in Resources */,
				3F5495721A2D16B600DB289C /* meteorite_10.png in Resources */,
				3F54957B1A2D17A800DB289C /* ufo_3.png in Resources */,
				3FF342261A2D0F1300C0534F /* power_green.png in Resources */,
				3F54956A1A2D159E00DB289C /* meteorite_2.png in Resources */,
				3FACC6471A1E8CC6005A8C66 /* Images.xcassets in Resources */,
				3FF342241A2D03D000C0534F /* Pink_Alien.png in Resources */,
				3F54957A1A2D17A800DB289C /* ufo_2.png in Resources */,
				3F5495781A2D17A800DB289C /* ufo_0.png in Resources */,
				3F5495791A2D17A800DB289C /* ufo_1.png in Resources */,
				3FACC6671A1E8D5A005A8C66 /* Space.jpg in Resources */,
				3FF3422A1A2D113700C0534F /* Blue_Alien.png in Resources */,
				3FACC63E1A1E8CC6005A8C66 /* GameScene.sks in Resources */,
				3F5495701A2D159E00DB289C /* meteorite_0.png in Resources */,
				3FACC6451A1E8CC6005A8C66 /* Main.storyboard in Resources */,
				3FACC6641A1E8D5A005A8C66 /* Alien.png in Resources */,
			);
			runOnlyForDeploymentPostprocessing = 0;
		};
		3FACC64D1A1E8CC6005A8C66 /* Resources */ = {
			isa = PBXResourcesBuildPhase;
			buildActionMask = 2147483647;
			files = (
			);
			runOnlyForDeploymentPostprocessing = 0;
		};
/* End PBXResourcesBuildPhase section */

/* Begin PBXSourcesBuildPhase section */
		3FACC6321A1E8CC6005A8C66 /* Sources */ = {
			isa = PBXSourcesBuildPhase;
			buildActionMask = 2147483647;
			files = (
				5E71B1541A21B0740042323A /* GameOverViewController.swift in Sources */,
				5E71B1561A22DF1C0042323A /* MenuViewController.swift in Sources */,
				3FACC6401A1E8CC6005A8C66 /* GameScene.swift in Sources */,
				3FACC6421A1E8CC6005A8C66 /* GameViewController.swift in Sources */,
				3FACC63C1A1E8CC6005A8C66 /* AppDelegate.swift in Sources */,
			);
			runOnlyForDeploymentPostprocessing = 0;
		};
		3FACC64B1A1E8CC6005A8C66 /* Sources */ = {
			isa = PBXSourcesBuildPhase;
			buildActionMask = 2147483647;
			files = (
				3FACC6561A1E8CC6005A8C66 /* Space_JumperTests.swift in Sources */,
			);
			runOnlyForDeploymentPostprocessing = 0;
		};
/* End PBXSourcesBuildPhase section */

/* Begin PBXTargetDependency section */
		3FACC6511A1E8CC6005A8C66 /* PBXTargetDependency */ = {
			isa = PBXTargetDependency;
			target = 3FACC6351A1E8CC6005A8C66 /* Space Jumper */;
			targetProxy = 3FACC6501A1E8CC6005A8C66 /* PBXContainerItemProxy */;
		};
/* End PBXTargetDependency section */

/* Begin PBXVariantGroup section */
		3FACC6431A1E8CC6005A8C66 /* Main.storyboard */ = {
			isa = PBXVariantGroup;
			children = (
				3FACC6441A1E8CC6005A8C66 /* Base */,
			);
			name = Main.storyboard;
			sourceTree = "<group>";
		};
		3FACC6481A1E8CC6005A8C66 /* LaunchScreen.xib */ = {
			isa = PBXVariantGroup;
			children = (
				3FACC6491A1E8CC6005A8C66 /* Base */,
			);
			name = LaunchScreen.xib;
			sourceTree = "<group>";
		};
/* End PBXVariantGroup section */

/* Begin XCBuildConfiguration section */
		3FACC6571A1E8CC6005A8C66 /* Debug */ = {
			isa = XCBuildConfiguration;
			buildSettings = {
				ALWAYS_SEARCH_USER_PATHS = NO;
				CLANG_CXX_LANGUAGE_STANDARD = "gnu++0x";
				CLANG_CXX_LIBRARY = "libc++";
				CLANG_ENABLE_MODULES = YES;
				CLANG_ENABLE_OBJC_ARC = YES;
				CLANG_WARN_BOOL_CONVERSION = YES;
				CLANG_WARN_CONSTANT_CONVERSION = YES;
				CLANG_WARN_DIRECT_OBJC_ISA_USAGE = YES_ERROR;
				CLANG_WARN_EMPTY_BODY = YES;
				CLANG_WARN_ENUM_CONVERSION = YES;
				CLANG_WARN_INT_CONVERSION = YES;
				CLANG_WARN_OBJC_ROOT_CLASS = YES_ERROR;
				CLANG_WARN_UNREACHABLE_CODE = YES;
				CLANG_WARN__DUPLICATE_METHOD_MATCH = YES;
				"CODE_SIGN_IDENTITY[sdk=iphoneos*]" = "iPhone Developer";
				COPY_PHASE_STRIP = NO;
				ENABLE_STRICT_OBJC_MSGSEND = YES;
				GCC_C_LANGUAGE_STANDARD = gnu99;
				GCC_DYNAMIC_NO_PIC = NO;
				GCC_OPTIMIZATION_LEVEL = 0;
				GCC_PREPROCESSOR_DEFINITIONS = (
					"DEBUG=1",
					"$(inherited)",
				);
				GCC_SYMBOLS_PRIVATE_EXTERN = NO;
				GCC_WARN_64_TO_32_BIT_CONVERSION = YES;
				GCC_WARN_ABOUT_RETURN_TYPE = YES_ERROR;
				GCC_WARN_UNDECLARED_SELECTOR = YES;
				GCC_WARN_UNINITIALIZED_AUTOS = YES_AGGRESSIVE;
				GCC_WARN_UNUSED_FUNCTION = YES;
				GCC_WARN_UNUSED_VARIABLE = YES;
				IPHONEOS_DEPLOYMENT_TARGET = 8.1;
				MTL_ENABLE_DEBUG_INFO = YES;
				ONLY_ACTIVE_ARCH = YES;
				SDKROOT = iphoneos;
				SWIFT_OPTIMIZATION_LEVEL = "-Onone";
			};
			name = Debug;
		};
		3FACC6581A1E8CC6005A8C66 /* Release */ = {
			isa = XCBuildConfiguration;
			buildSettings = {
				ALWAYS_SEARCH_USER_PATHS = NO;
				CLANG_CXX_LANGUAGE_STANDARD = "gnu++0x";
				CLANG_CXX_LIBRARY = "libc++";
				CLANG_ENABLE_MODULES = YES;
				CLANG_ENABLE_OBJC_ARC = YES;
				CLANG_WARN_BOOL_CONVERSION = YES;
				CLANG_WARN_CONSTANT_CONVERSION = YES;
				CLANG_WARN_DIRECT_OBJC_ISA_USAGE = YES_ERROR;
				CLANG_WARN_EMPTY_BODY = YES;
				CLANG_WARN_ENUM_CONVERSION = YES;
				CLANG_WARN_INT_CONVERSION = YES;
				CLANG_WARN_OBJC_ROOT_CLASS = YES_ERROR;
				CLANG_WARN_UNREACHABLE_CODE = YES;
				CLANG_WARN__DUPLICATE_METHOD_MATCH = YES;
				"CODE_SIGN_IDENTITY[sdk=iphoneos*]" = "iPhone Developer";
				COPY_PHASE_STRIP = YES;
				ENABLE_NS_ASSERTIONS = NO;
				ENABLE_STRICT_OBJC_MSGSEND = YES;
				GCC_C_LANGUAGE_STANDARD = gnu99;
				GCC_WARN_64_TO_32_BIT_CONVERSION = YES;
				GCC_WARN_ABOUT_RETURN_TYPE = YES_ERROR;
				GCC_WARN_UNDECLARED_SELECTOR = YES;
				GCC_WARN_UNINITIALIZED_AUTOS = YES_AGGRESSIVE;
				GCC_WARN_UNUSED_FUNCTION = YES;
				GCC_WARN_UNUSED_VARIABLE = YES;
				IPHONEOS_DEPLOYMENT_TARGET = 8.1;
				MTL_ENABLE_DEBUG_INFO = NO;
				SDKROOT = iphoneos;
				VALIDATE_PRODUCT = YES;
			};
			name = Release;
		};
		3FACC65A1A1E8CC6005A8C66 /* Debug */ = {
			isa = XCBuildConfiguration;
			buildSettings = {
				ASSETCATALOG_COMPILER_APPICON_NAME = AppIcon;
				INFOPLIST_FILE = "Space Jumper/Info.plist";
				LD_RUNPATH_SEARCH_PATHS = "$(inherited) @executable_path/Frameworks";
				PRODUCT_NAME = "$(TARGET_NAME)";
			};
			name = Debug;
		};
		3FACC65B1A1E8CC6005A8C66 /* Release */ = {
			isa = XCBuildConfiguration;
			buildSettings = {
				ASSETCATALOG_COMPILER_APPICON_NAME = AppIcon;
				INFOPLIST_FILE = "Space Jumper/Info.plist";
				LD_RUNPATH_SEARCH_PATHS = "$(inherited) @executable_path/Frameworks";
				PRODUCT_NAME = "$(TARGET_NAME)";
			};
			name = Release;
		};
		3FACC65D1A1E8CC6005A8C66 /* Debug */ = {
			isa = XCBuildConfiguration;
			buildSettings = {
				BUNDLE_LOADER = "$(TEST_HOST)";
				FRAMEWORK_SEARCH_PATHS = (
					"$(SDKROOT)/Developer/Library/Frameworks",
					"$(inherited)",
				);
				GCC_PREPROCESSOR_DEFINITIONS = (
					"DEBUG=1",
					"$(inherited)",
				);
				INFOPLIST_FILE = "Space JumperTests/Info.plist";
				LD_RUNPATH_SEARCH_PATHS = "$(inherited) @executable_path/Frameworks @loader_path/Frameworks";
				PRODUCT_NAME = "$(TARGET_NAME)";
				TEST_HOST = "$(BUILT_PRODUCTS_DIR)/Space Jumper.app/Space Jumper";
			};
			name = Debug;
		};
		3FACC65E1A1E8CC6005A8C66 /* Release */ = {
			isa = XCBuildConfiguration;
			buildSettings = {
				BUNDLE_LOADER = "$(TEST_HOST)";
				FRAMEWORK_SEARCH_PATHS = (
					"$(SDKROOT)/Developer/Library/Frameworks",
					"$(inherited)",
				);
				INFOPLIST_FILE = "Space JumperTests/Info.plist";
				LD_RUNPATH_SEARCH_PATHS = "$(inherited) @executable_path/Frameworks @loader_path/Frameworks";
				PRODUCT_NAME = "$(TARGET_NAME)";
				TEST_HOST = "$(BUILT_PRODUCTS_DIR)/Space Jumper.app/Space Jumper";
			};
			name = Release;
		};
/* End XCBuildConfiguration section */

/* Begin XCConfigurationList section */
		3FACC6311A1E8CC6005A8C66 /* Build configuration list for PBXProject "Space Jumper" */ = {
			isa = XCConfigurationList;
			buildConfigurations = (
				3FACC6571A1E8CC6005A8C66 /* Debug */,
				3FACC6581A1E8CC6005A8C66 /* Release */,
			);
			defaultConfigurationIsVisible = 0;
			defaultConfigurationName = Release;
		};
		3FACC6591A1E8CC6005A8C66 /* Build configuration list for PBXNativeTarget "Space Jumper" */ = {
			isa = XCConfigurationList;
			buildConfigurations = (
				3FACC65A1A1E8CC6005A8C66 /* Debug */,
				3FACC65B1A1E8CC6005A8C66 /* Release */,
			);
			defaultConfigurationIsVisible = 0;
			defaultConfigurationName = Release;
		};
		3FACC65C1A1E8CC6005A8C66 /* Build configuration list for PBXNativeTarget "Space JumperTests" */ = {
			isa = XCConfigurationList;
			buildConfigurations = (
				3FACC65D1A1E8CC6005A8C66 /* Debug */,
				3FACC65E1A1E8CC6005A8C66 /* Release */,
			);
			defaultConfigurationIsVisible = 0;
			defaultConfigurationName = Release;
		};
/* End XCConfigurationList section */
	};
	rootObject = 3FACC62E1A1E8CC6005A8C66 /* Project object */;
}
